<?xml version="1.0" encoding="UTF-8"?>
<CodeBlocks_project_file>
	<FileVersion major="1" minor="6"/>
	<Project>
		<Option title="LAB4"/>
		<Option makefile_is_custom="1"/>
		<Option compiler="clang"/>
		<Option virtualFolders="CMake Files\;CMake Files\..\;CMake Files\..\..\;CMake Files\..\..\..\;CMake Files\..\..\..\..\;CMake Files\..\..\..\..\usr\;CMake Files\..\..\..\..\usr\local\;CMake Files\..\..\..\..\usr\local\lib\;CMake Files\..\..\..\..\usr\local\lib\cmake\;CMake Files\..\..\..\..\usr\local\lib\cmake\opencv4\;"/>
		<Build>
			<Target title="all">
				<Option working_dir="/Users/wishnuputra/LABCV/LAB4"/>
				<Option type="4"/>
				<MakeCommands>
					<Build command="/usr/bin/make -f &quot;/Users/wishnuputra/LABCV/LAB4/Makefile&quot;  VERBOSE=1 all"/>
					<CompileFile command="/usr/bin/make -f &quot;/Users/wishnuputra/LABCV/LAB4/Makefile&quot;  VERBOSE=1 &quot;$file&quot;"/>
					<Clean command="/usr/bin/make -f &quot;/Users/wishnuputra/LABCV/LAB4/Makefile&quot;  VERBOSE=1 clean"/>
					<DistClean command="/usr/bin/make -f &quot;/Users/wishnuputra/LABCV/LAB4/Makefile&quot;  VERBOSE=1 clean"/>
				</MakeCommands>
			</Target>
			<Target title="rebuild_cache">
				<Option working_dir="/Users/wishnuputra/LABCV/LAB4"/>
				<Option type="4"/>
				<MakeCommands>
					<Build command="/usr/bin/make -f &quot;/Users/wishnuputra/LABCV/LAB4/Makefile&quot;  VERBOSE=1 rebuild_cache"/>
					<CompileFile command="/usr/bin/make -f &quot;/Users/wishnuputra/LABCV/LAB4/Makefile&quot;  VERBOSE=1 &quot;$file&quot;"/>
					<Clean command="/usr/bin/make -f &quot;/Users/wishnuputra/LABCV/LAB4/Makefile&quot;  VERBOSE=1 clean"/>
					<DistClean command="/usr/bin/make -f &quot;/Users/wishnuputra/LABCV/LAB4/Makefile&quot;  VERBOSE=1 clean"/>
				</MakeCommands>
			</Target>
			<Target title="edit_cache">
				<Option working_dir="/Users/wishnuputra/LABCV/LAB4"/>
				<Option type="4"/>
				<MakeCommands>
					<Build command="/usr/bin/make -f &quot;/Users/wishnuputra/LABCV/LAB4/Makefile&quot;  VERBOSE=1 edit_cache"/>
					<CompileFile command="/usr/bin/make -f &quot;/Users/wishnuputra/LABCV/LAB4/Makefile&quot;  VERBOSE=1 &quot;$file&quot;"/>
					<Clean command="/usr/bin/make -f &quot;/Users/wishnuputra/LABCV/LAB4/Makefile&quot;  VERBOSE=1 clean"/>
					<DistClean command="/usr/bin/make -f &quot;/Users/wishnuputra/LABCV/LAB4/Makefile&quot;  VERBOSE=1 clean"/>
				</MakeCommands>
			</Target>
			<Target title="labfour">
				<Option output="/Users/wishnuputra/LABCV/LAB4/labfour" prefix_auto="0" extension_auto="0"/>
				<Option working_dir="/Users/wishnuputra/LABCV/LAB4"/>
				<Option object_output="./"/>
				<Option type="1"/>
				<Option compiler="clang"/>
				<Compiler>
					<Add option="-DCERES_FOUND"/>
					<Add directory="/usr/local/Cellar/opencv/4.5.1_3/include/opencv4"/>
				</Compiler>
				<MakeCommands>
					<Build command="/usr/bin/make -f &quot;/Users/wishnuputra/LABCV/LAB4/Makefile&quot;  VERBOSE=1 labfour"/>
					<CompileFile command="/usr/bin/make -f &quot;/Users/wishnuputra/LABCV/LAB4/Makefile&quot;  VERBOSE=1 &quot;$file&quot;"/>
					<Clean command="/usr/bin/make -f &quot;/Users/wishnuputra/LABCV/LAB4/Makefile&quot;  VERBOSE=1 clean"/>
					<DistClean command="/usr/bin/make -f &quot;/Users/wishnuputra/LABCV/LAB4/Makefile&quot;  VERBOSE=1 clean"/>
				</MakeCommands>
			</Target>
			<Target title="labfour/fast">
				<Option output="/Users/wishnuputra/LABCV/LAB4/labfour" prefix_auto="0" extension_auto="0"/>
				<Option working_dir="/Users/wishnuputra/LABCV/LAB4"/>
				<Option object_output="./"/>
				<Option type="1"/>
				<Option compiler="clang"/>
				<Compiler>
					<Add option="-DCERES_FOUND"/>
					<Add directory="/usr/local/Cellar/opencv/4.5.1_3/include/opencv4"/>
				</Compiler>
				<MakeCommands>
					<Build command="/usr/bin/make -f &quot;/Users/wishnuputra/LABCV/LAB4/Makefile&quot;  VERBOSE=1 labfour/fast"/>
					<CompileFile command="/usr/bin/make -f &quot;/Users/wishnuputra/LABCV/LAB4/Makefile&quot;  VERBOSE=1 &quot;$file&quot;"/>
					<Clean command="/usr/bin/make -f &quot;/Users/wishnuputra/LABCV/LAB4/Makefile&quot;  VERBOSE=1 clean"/>
					<DistClean command="/usr/bin/make -f &quot;/Users/wishnuputra/LABCV/LAB4/Makefile&quot;  VERBOSE=1 clean"/>
				</MakeCommands>
			</Target>
		</Build>
		<Unit filename="/Users/wishnuputra/LABCV/LAB4/labfour.cpp">
			<Option target="labfour"/>
		</Unit>
		<Unit filename="/Users/wishnuputra/LABCV/LAB4/CMakeLists.txt">
			<Option virtualFolder="CMake Files\"/>
		</Unit>
		<Unit filename="/Users/wishnuputra/LABCV/LAB4/../../../../usr/local/lib/cmake/opencv4/OpenCVConfig-version.cmake">
			<Option virtualFolder="CMake Files\..\..\..\..\usr\local\lib\cmake\opencv4\"/>
		</Unit>
		<Unit filename="/Users/wishnuputra/LABCV/LAB4/../../../../usr/local/lib/cmake/opencv4/OpenCVConfig.cmake">
			<Option virtualFolder="CMake Files\..\..\..\..\usr\local\lib\cmake\opencv4\"/>
		</Unit>
		<Unit filename="/Users/wishnuputra/LABCV/LAB4/../../../../usr/local/lib/cmake/opencv4/OpenCVModules-release.cmake">
			<Option virtualFolder="CMake Files\..\..\..\..\usr\local\lib\cmake\opencv4\"/>
		</Unit>
		<Unit filename="/Users/wishnuputra/LABCV/LAB4/../../../../usr/local/lib/cmake/opencv4/OpenCVModules.cmake">
			<Option virtualFolder="CMake Files\..\..\..\..\usr\local\lib\cmake\opencv4\"/>
		</Unit>
	</Project>
</CodeBlocks_project_file>
